
Microsoft Visual Studio Solution File, Format Version 12.00
# Visual Studio 2012
Project("{8BC9CEB8-8B4A-11D0-8D11-00A0C91BC942}") = "EasiScheduler", "Logic\Logic.vcxproj", "{99BC49FD-4482-48F1-BF48-29830A3DB775}"
EndProject
Project("{8BC9CEB8-8B4A-11D0-8D11-00A0C91BC942}") = "GUI", "GUI\GUI.vcxproj", "{FD64A390-5262-44EE-9D2C-A3CD8DAA4CEB}"
EndProject
Global
	GlobalSection(SolutionConfigurationPlatforms) = preSolution
		Debug|Win32 = Debug|Win32
		Release|Win32 = Release|Win32
	EndGlobalSection
	GlobalSection(ProjectConfigurationPlatforms) = postSolution
		{99BC49FD-4482-48F1-BF48-29830A3DB775}.Debug|Win32.ActiveCfg = Debug|Win32
		{99BC49FD-4482-48F1-BF48-29830A3DB775}.Debug|Win32.Build.0 = Debug|Win32
		{99BC49FD-4482-48F1-BF48-29830A3DB775}.Release|Win32.ActiveCfg = Release|Win32
		{99BC49FD-4482-48F1-BF48-29830A3DB775}.Release|Win32.Build.0 = Release|Win32
		{FD64A390-5262-44EE-9D2C-A3CD8DAA4CEB}.Debug|Win32.ActiveCfg = Debug|Win32
		{FD64A390-5262-44EE-9D2C-A3CD8DAA4CEB}.Debug|Win32.Build.0 = Debug|Win32
		{FD64A390-5262-44EE-9D2C-A3CD8DAA4CEB}.Release|Win32.ActiveCfg = Release|Win32
		{FD64A390-5262-44EE-9D2C-A3CD8DAA4CEB}.Release|Win32.Build.0 = Release|Win32
	EndGlobalSection
	GlobalSection(SolutionProperties) = preSolution
		HideSolutionNode = FALSE
	EndGlobalSection
EndGlobal
