
Microsoft Visual Studio Solution File, Format Version 12.00
# Visual Studio 2012
Project("{8BC9CEB8-8B4A-11D0-8D11-00A0C91BC942}") = "Intepreter", "Intepreter\Intepreter.vcxproj", "{613F08F0-66D5-497A-ACA9-701F149686AD}"
EndProject
Project("{8BC9CEB8-8B4A-11D0-8D11-00A0C91BC942}") = "Logic", "Logic\Logic.vcxproj", "{99BC49FD-4482-48F1-BF48-29830A3DB775}"
EndProject
Project("{8BC9CEB8-8B4A-11D0-8D11-00A0C91BC942}") = "Storage", "Storage\Storage.vcxproj", "{629B8673-1DEF-45E8-A383-138162B66C98}"
EndProject
Project("{8BC9CEB8-8B4A-11D0-8D11-00A0C91BC942}") = "UI", "UI\UI.vcxproj", "{F8B305DE-1EAB-4A7E-8275-3AB2679D9BEC}"
EndProject
Global
	GlobalSection(SolutionConfigurationPlatforms) = preSolution
		Debug|Win32 = Debug|Win32
		Release|Win32 = Release|Win32
	EndGlobalSection
	GlobalSection(ProjectConfigurationPlatforms) = postSolution
		{613F08F0-66D5-497A-ACA9-701F149686AD}.Debug|Win32.ActiveCfg = Debug|Win32
		{613F08F0-66D5-497A-ACA9-701F149686AD}.Debug|Win32.Build.0 = Debug|Win32
		{613F08F0-66D5-497A-ACA9-701F149686AD}.Release|Win32.ActiveCfg = Release|Win32
		{613F08F0-66D5-497A-ACA9-701F149686AD}.Release|Win32.Build.0 = Release|Win32
		{99BC49FD-4482-48F1-BF48-29830A3DB775}.Debug|Win32.ActiveCfg = Debug|Win32
		{99BC49FD-4482-48F1-BF48-29830A3DB775}.Debug|Win32.Build.0 = Debug|Win32
		{99BC49FD-4482-48F1-BF48-29830A3DB775}.Release|Win32.ActiveCfg = Release|Win32
		{99BC49FD-4482-48F1-BF48-29830A3DB775}.Release|Win32.Build.0 = Release|Win32
		{629B8673-1DEF-45E8-A383-138162B66C98}.Debug|Win32.ActiveCfg = Debug|Win32
		{629B8673-1DEF-45E8-A383-138162B66C98}.Debug|Win32.Build.0 = Debug|Win32
		{629B8673-1DEF-45E8-A383-138162B66C98}.Release|Win32.ActiveCfg = Release|Win32
		{629B8673-1DEF-45E8-A383-138162B66C98}.Release|Win32.Build.0 = Release|Win32
		{F8B305DE-1EAB-4A7E-8275-3AB2679D9BEC}.Debug|Win32.ActiveCfg = Debug|Win32
		{F8B305DE-1EAB-4A7E-8275-3AB2679D9BEC}.Debug|Win32.Build.0 = Debug|Win32
		{F8B305DE-1EAB-4A7E-8275-3AB2679D9BEC}.Release|Win32.ActiveCfg = Release|Win32
		{F8B305DE-1EAB-4A7E-8275-3AB2679D9BEC}.Release|Win32.Build.0 = Release|Win32
	EndGlobalSection
	GlobalSection(SolutionProperties) = preSolution
		HideSolutionNode = FALSE
	EndGlobalSection
EndGlobal
