
Microsoft Visual Studio Solution File, Format Version 12.00
# Visual Studio 2012
Project("{8BC9CEB8-8B4A-11D0-8D11-00A0C91BC942}") = "v0.5.1", "v0.5.1\v0.5.1.vcxproj", "{1C95E4DA-5EC0-4F33-8833-B58CE1B4354C}"
EndProject
Project("{8BC9CEB8-8B4A-11D0-8D11-00A0C91BC942}") = "UnitAndIntegrationTest", "UnitAndIntegrationTest\UnitAndIntegrationTest.vcxproj", "{DFA22ED2-F8BD-4839-B451-AC7623B8F817}"
EndProject
Project("{8BC9CEB8-8B4A-11D0-8D11-00A0C91BC942}") = "EasiScheduler(V0.5.1)", "UI\UI.vcxproj", "{75043A6F-4A7A-4869-9BE6-DBA73DB70B83}"
EndProject
Global
	GlobalSection(SolutionConfigurationPlatforms) = preSolution
		Debug|Win32 = Debug|Win32
		Release|Win32 = Release|Win32
	EndGlobalSection
	GlobalSection(ProjectConfigurationPlatforms) = postSolution
		{1C95E4DA-5EC0-4F33-8833-B58CE1B4354C}.Debug|Win32.ActiveCfg = Debug|Win32
		{1C95E4DA-5EC0-4F33-8833-B58CE1B4354C}.Debug|Win32.Build.0 = Debug|Win32
		{1C95E4DA-5EC0-4F33-8833-B58CE1B4354C}.Release|Win32.ActiveCfg = Release|Win32
		{1C95E4DA-5EC0-4F33-8833-B58CE1B4354C}.Release|Win32.Build.0 = Release|Win32
		{DFA22ED2-F8BD-4839-B451-AC7623B8F817}.Debug|Win32.ActiveCfg = Debug|Win32
		{DFA22ED2-F8BD-4839-B451-AC7623B8F817}.Debug|Win32.Build.0 = Debug|Win32
		{DFA22ED2-F8BD-4839-B451-AC7623B8F817}.Release|Win32.ActiveCfg = Release|Win32
		{DFA22ED2-F8BD-4839-B451-AC7623B8F817}.Release|Win32.Build.0 = Release|Win32
		{75043A6F-4A7A-4869-9BE6-DBA73DB70B83}.Debug|Win32.ActiveCfg = Debug|Win32
		{75043A6F-4A7A-4869-9BE6-DBA73DB70B83}.Debug|Win32.Build.0 = Debug|Win32
		{75043A6F-4A7A-4869-9BE6-DBA73DB70B83}.Release|Win32.ActiveCfg = Release|Win32
		{75043A6F-4A7A-4869-9BE6-DBA73DB70B83}.Release|Win32.Build.0 = Release|Win32
	EndGlobalSection
	GlobalSection(SolutionProperties) = preSolution
		HideSolutionNode = FALSE
	EndGlobalSection
EndGlobal
